
Microsoft Visual Studio Solution File, Format Version 12.00
# Visual Studio 2013
VisualStudioVersion = 12.0.31101.0
MinimumVisualStudioVersion = 10.0.40219.1
Project("{FAE04EC0-301F-11D3-BF4B-00C04F79EFBC}") = "HomeWork01", "HomeWork01\HomeWork01.csproj", "{AB219FCA-7EA9-425B-909D-2FF7E3D16BA8}"
EndProject
Project("{FAE04EC0-301F-11D3-BF4B-00C04F79EFBC}") = "HomeWork02", "HomeWork02\HomeWork02.csproj", "{651EF48B-B9E1-487D-953F-640CD80B00C1}"
EndProject
Project("{FAE04EC0-301F-11D3-BF4B-00C04F79EFBC}") = "HomeWork03", "HomeWork03\HomeWork03.csproj", "{1ADDA2B0-3F1D-4948-940A-47D80CBEBF6A}"
EndProject
Project("{FAE04EC0-301F-11D3-BF4B-00C04F79EFBC}") = "HomeWork04", "HomeWork04\HomeWork04.csproj", "{A17A4CFA-6F84-4A55-B2E0-BC6BAB4D0CCA}"
EndProject
Project("{FAE04EC0-301F-11D3-BF4B-00C04F79EFBC}") = "HomeWork5", "HomeWork5\HomeWork5.csproj", "{71BFE5D1-19C3-419C-A746-9B71439CC22B}"
EndProject
Project("{FAE04EC0-301F-11D3-BF4B-00C04F79EFBC}") = "HomeWork06", "HomeWork06\HomeWork06.csproj", "{546EB6A8-3395-41C9-B97E-D9DF5848BE8A}"
EndProject
Project("{FAE04EC0-301F-11D3-BF4B-00C04F79EFBC}") = "HomeWork07", "HomeWork07\HomeWork07.csproj", "{9A34DD1B-EEA6-4878-B8E3-10A92DE2D066}"
EndProject
Global
	GlobalSection(SolutionConfigurationPlatforms) = preSolution
		Debug|Any CPU = Debug|Any CPU
		Release|Any CPU = Release|Any CPU
	EndGlobalSection
	GlobalSection(ProjectConfigurationPlatforms) = postSolution
		{AB219FCA-7EA9-425B-909D-2FF7E3D16BA8}.Debug|Any CPU.ActiveCfg = Debug|Any CPU
		{AB219FCA-7EA9-425B-909D-2FF7E3D16BA8}.Debug|Any CPU.Build.0 = Debug|Any CPU
		{AB219FCA-7EA9-425B-909D-2FF7E3D16BA8}.Release|Any CPU.ActiveCfg = Release|Any CPU
		{AB219FCA-7EA9-425B-909D-2FF7E3D16BA8}.Release|Any CPU.Build.0 = Release|Any CPU
		{651EF48B-B9E1-487D-953F-640CD80B00C1}.Debug|Any CPU.ActiveCfg = Debug|Any CPU
		{651EF48B-B9E1-487D-953F-640CD80B00C1}.Debug|Any CPU.Build.0 = Debug|Any CPU
		{651EF48B-B9E1-487D-953F-640CD80B00C1}.Release|Any CPU.ActiveCfg = Release|Any CPU
		{651EF48B-B9E1-487D-953F-640CD80B00C1}.Release|Any CPU.Build.0 = Release|Any CPU
		{1ADDA2B0-3F1D-4948-940A-47D80CBEBF6A}.Debug|Any CPU.ActiveCfg = Debug|Any CPU
		{1ADDA2B0-3F1D-4948-940A-47D80CBEBF6A}.Debug|Any CPU.Build.0 = Debug|Any CPU
		{1ADDA2B0-3F1D-4948-940A-47D80CBEBF6A}.Release|Any CPU.ActiveCfg = Release|Any CPU
		{1ADDA2B0-3F1D-4948-940A-47D80CBEBF6A}.Release|Any CPU.Build.0 = Release|Any CPU
		{A17A4CFA-6F84-4A55-B2E0-BC6BAB4D0CCA}.Debug|Any CPU.ActiveCfg = Debug|Any CPU
		{A17A4CFA-6F84-4A55-B2E0-BC6BAB4D0CCA}.Debug|Any CPU.Build.0 = Debug|Any CPU
		{A17A4CFA-6F84-4A55-B2E0-BC6BAB4D0CCA}.Release|Any CPU.ActiveCfg = Release|Any CPU
		{A17A4CFA-6F84-4A55-B2E0-BC6BAB4D0CCA}.Release|Any CPU.Build.0 = Release|Any CPU
		{71BFE5D1-19C3-419C-A746-9B71439CC22B}.Debug|Any CPU.ActiveCfg = Debug|Any CPU
		{71BFE5D1-19C3-419C-A746-9B71439CC22B}.Debug|Any CPU.Build.0 = Debug|Any CPU
		{71BFE5D1-19C3-419C-A746-9B71439CC22B}.Release|Any CPU.ActiveCfg = Release|Any CPU
		{71BFE5D1-19C3-419C-A746-9B71439CC22B}.Release|Any CPU.Build.0 = Release|Any CPU
		{546EB6A8-3395-41C9-B97E-D9DF5848BE8A}.Debug|Any CPU.ActiveCfg = Debug|Any CPU
		{546EB6A8-3395-41C9-B97E-D9DF5848BE8A}.Debug|Any CPU.Build.0 = Debug|Any CPU
		{546EB6A8-3395-41C9-B97E-D9DF5848BE8A}.Release|Any CPU.ActiveCfg = Release|Any CPU
		{546EB6A8-3395-41C9-B97E-D9DF5848BE8A}.Release|Any CPU.Build.0 = Release|Any CPU
		{9A34DD1B-EEA6-4878-B8E3-10A92DE2D066}.Debug|Any CPU.ActiveCfg = Debug|Any CPU
		{9A34DD1B-EEA6-4878-B8E3-10A92DE2D066}.Debug|Any CPU.Build.0 = Debug|Any CPU
		{9A34DD1B-EEA6-4878-B8E3-10A92DE2D066}.Release|Any CPU.ActiveCfg = Release|Any CPU
		{9A34DD1B-EEA6-4878-B8E3-10A92DE2D066}.Release|Any CPU.Build.0 = Release|Any CPU
	EndGlobalSection
	GlobalSection(SolutionProperties) = preSolution
		HideSolutionNode = FALSE
	EndGlobalSection
EndGlobal
